{
  "name": "@xsbcme/vue-tab-router",
  "version": "0.0.50",
  "lockfileVersion": 3,
  "requires": true,
  "packages": {
    "": {
      "name": "@xsbcme/vue-tab-router",
      "version": "0.0.50",
      "hasInstallScript": true,
      "license": "ISC",
      "dependencies": {
        "@headlessui/vue": "^1.7.22"
      },
      "devDependencies": {
        "@vue/runtime-core": "3.4.21",
        "@vue/shared": "3.4.21"
      }
    },
    "../../node_modules/.pnpm/@headlessui+vue@1.7.23_vue@3.4.21/node_modules/@headlessui/vue": {
      "version": "1.7.23",
      "license": "MIT",
      "dependencies": {
        "@tanstack/vue-virtual": "^3.0.0-beta.60"
      },
      "devDependencies": {
        "@testing-library/vue": "^5.8.2",
        "@vue/test-utils": "^2.0.0-rc.18",
        "vue": "^3.2.29"
      },
      "engines": {
        "node": ">=10"
      },
      "peerDependencies": {
        "vue": "^3.2.0"
      }
    },
    "../../node_modules/.pnpm/@vue+runtime-core@3.4.21/node_modules/@vue/runtime-core": {
      "version": "3.4.21",
      "dev": true,
      "license": "MIT",
      "dependencies": {
        "@vue/reactivity": "3.4.21",
        "@vue/shared": "3.4.21"
      }
    },
    "../../node_modules/.pnpm/@vue+shared@3.4.21/node_modules/@vue/shared": {
      "version": "3.4.21",
      "dev": true,
      "license": "MIT"
    },
    "node_modules/@headlessui/vue": {
      "resolved": "../../node_modules/.pnpm/@headlessui+vue@1.7.23_vue@3.4.21/node_modules/@headlessui/vue",
      "link": true
    },
    "node_modules/@vue/runtime-core": {
      "resolved": "../../node_modules/.pnpm/@vue+runtime-core@3.4.21/node_modules/@vue/runtime-core",
      "link": true
    },
    "node_modules/@vue/shared": {
      "resolved": "../../node_modules/.pnpm/@vue+shared@3.4.21/node_modules/@vue/shared",
      "link": true
    }
  }
}
